
Microsoft Visual Studio Solution File, Format Version 12.00
# Visual Studio 15
VisualStudioVersion = 15.0.27130.2036
MinimumVisualStudioVersion = 10.0.40219.1
Project("{FAE04EC0-301F-11D3-BF4B-00C04F79EFBC}") = "Auth", "Auth\Auth.csproj", "{6F55BE0E-8B70-4BBB-A057-DAD4E1F8CE46}"
EndProject
Global
	GlobalSection(SolutionConfigurationPlatforms) = preSolution
		Debug|Any CPU = Debug|Any CPU
		Release|Any CPU = Release|Any CPU
	EndGlobalSection
	GlobalSection(ProjectConfigurationPlatforms) = postSolution
		{6F55BE0E-8B70-4BBB-A057-DAD4E1F8CE46}.Debug|Any CPU.ActiveCfg = Debug|Any CPU
		{6F55BE0E-8B70-4BBB-A057-DAD4E1F8CE46}.Debug|Any CPU.Build.0 = Debug|Any CPU
		{6F55BE0E-8B70-4BBB-A057-DAD4E1F8CE46}.Release|Any CPU.ActiveCfg = Release|Any CPU
		{6F55BE0E-8B70-4BBB-A057-DAD4E1F8CE46}.Release|Any CPU.Build.0 = Release|Any CPU
	EndGlobalSection
	GlobalSection(SolutionProperties) = preSolution
		HideSolutionNode = FALSE
	EndGlobalSection
	GlobalSection(ExtensibilityGlobals) = postSolution
		SolutionGuid = {AD7DF31E-48C7-4388-B7A0-F5D5ED174A54}
	EndGlobalSection
EndGlobal
